// !$*UTF8*$!
{
	archiveVersion = 1;
	classes = {
	};
	objectVersion = 56;
	objects = {

/* Begin PBXBuildFile section */
		A0444ADF2AA778CC0052C95D /* 后缀表达式.c in Sources */ = {isa = PBXBuildFile; fileRef = A0444ADE2AA778CC0052C95D /* 后缀表达式.c */; };
		A0444AE22AA77D450052C95D /* 堆栈.c in Sources */ = {isa = PBXBuildFile; fileRef = A0444AE12AA77D450052C95D /* 堆栈.c */; };
		A0444AE52AA783C50052C95D /* day4.c in Sources */ = {isa = PBXBuildFile; fileRef = A0444AE42AA783C50052C95D /* day4.c */; };
		A0A482502A7DD98D002C31FE /* main.c in Sources */ = {isa = PBXBuildFile; fileRef = A0A4824F2A7DD98D002C31FE /* main.c */; };
		A0A482602A7DDB0E002C31FE /* 计算程序运行时间.c in Sources */ = {isa = PBXBuildFile; fileRef = A0A4825F2A7DDB0E002C31FE /* 计算程序运行时间.c */; };
		A0A4826B2A7DDF3B002C31FE /* count_prag_run_time.c in Sources */ = {isa = PBXBuildFile; fileRef = A0A4826A2A7DDF3B002C31FE /* count_prag_run_time.c */; };
		A0A482702A7DE303002C31FE /* day1.c in Sources */ = {isa = PBXBuildFile; fileRef = A0A4826F2A7DE303002C31FE /* day1.c */; };
		A0A482752A7F4038002C31FE /* 分治法.c in Sources */ = {isa = PBXBuildFile; fileRef = A0A482742A7F4038002C31FE /* 分治法.c */; };
		A0A482782A7F43A6002C31FE /* max_func.c in Sources */ = {isa = PBXBuildFile; fileRef = A0A482772A7F43A6002C31FE /* max_func.c */; };
		A0A4827B2A7F4452002C31FE /* day2.c in Sources */ = {isa = PBXBuildFile; fileRef = A0A4827A2A7F4452002C31FE /* day2.c */; };
		A0A4827F2A7F483E002C31FE /* random_array.c in Sources */ = {isa = PBXBuildFile; fileRef = A0A4827E2A7F483E002C31FE /* random_array.c */; };
		A0A482822A7F495D002C31FE /* print_array.c in Sources */ = {isa = PBXBuildFile; fileRef = A0A482812A7F495D002C31FE /* print_array.c */; };
		A0A482862A7F523A002C31FE /* 最大子列问题.c in Sources */ = {isa = PBXBuildFile; fileRef = A0A482852A7F523A002C31FE /* 最大子列问题.c */; };
		A0A482CC2A83D88D002C31FE /* 单链表.c in Sources */ = {isa = PBXBuildFile; fileRef = A0A482CB2A83D88D002C31FE /* 单链表.c */; };
		A0A482CF2A83EAA7002C31FE /* day3.c in Sources */ = {isa = PBXBuildFile; fileRef = A0A482CE2A83EAA7002C31FE /* day3.c */; };
/* End PBXBuildFile section */

/* Begin PBXCopyFilesBuildPhase section */
		A0A4824A2A7DD98D002C31FE /* CopyFiles */ = {
			isa = PBXCopyFilesBuildPhase;
			buildActionMask = 2147483647;
			dstPath = /usr/share/man/man1/;
			dstSubfolderSpec = 0;
			files = (
			);
			runOnlyForDeploymentPostprocessing = 1;
		};
/* End PBXCopyFilesBuildPhase section */

/* Begin PBXFileReference section */
		A0444ADD2AA778CC0052C95D /* 后缀表达式.h */ = {isa = PBXFileReference; lastKnownFileType = sourcecode.c.h; path = "后缀表达式.h"; sourceTree = "<group>"; };
		A0444ADE2AA778CC0052C95D /* 后缀表达式.c */ = {isa = PBXFileReference; lastKnownFileType = sourcecode.c.c; path = "后缀表达式.c"; sourceTree = "<group>"; };
		A0444AE02AA77D450052C95D /* 堆栈.h */ = {isa = PBXFileReference; lastKnownFileType = sourcecode.c.h; path = "堆栈.h"; sourceTree = "<group>"; };
		A0444AE12AA77D450052C95D /* 堆栈.c */ = {isa = PBXFileReference; lastKnownFileType = sourcecode.c.c; path = "堆栈.c"; sourceTree = "<group>"; };
		A0444AE32AA783C50052C95D /* day4.h */ = {isa = PBXFileReference; lastKnownFileType = sourcecode.c.h; path = day4.h; sourceTree = "<group>"; };
		A0444AE42AA783C50052C95D /* day4.c */ = {isa = PBXFileReference; lastKnownFileType = sourcecode.c.c; path = day4.c; sourceTree = "<group>"; };
		A0A4824C2A7DD98D002C31FE /* 数据结构-C语言 */ = {isa = PBXFileReference; explicitFileType = "compiled.mach-o.executable"; includeInIndex = 0; path = "数据结构-C语言"; sourceTree = BUILT_PRODUCTS_DIR; };
		A0A4824F2A7DD98D002C31FE /* main.c */ = {isa = PBXFileReference; lastKnownFileType = sourcecode.c.c; path = main.c; sourceTree = "<group>"; };
		A0A4825E2A7DDB0E002C31FE /* 计算程序运行时间.h */ = {isa = PBXFileReference; lastKnownFileType = sourcecode.c.h; path = "计算程序运行时间.h"; sourceTree = "<group>"; };
		A0A4825F2A7DDB0E002C31FE /* 计算程序运行时间.c */ = {isa = PBXFileReference; lastKnownFileType = sourcecode.c.c; path = "计算程序运行时间.c"; sourceTree = "<group>"; };
		A0A482612A7DDBB1002C31FE /* time_efficiency.h */ = {isa = PBXFileReference; lastKnownFileType = sourcecode.c.h; path = time_efficiency.h; sourceTree = "<group>"; };
		A0A482652A7DDE8E002C31FE /* space_efficiency.h */ = {isa = PBXFileReference; lastKnownFileType = sourcecode.c.h; path = space_efficiency.h; sourceTree = "<group>"; };
		A0A482662A7DDED6002C31FE /* suanfa.h */ = {isa = PBXFileReference; lastKnownFileType = sourcecode.c.h; path = suanfa.h; sourceTree = "<group>"; };
		A0A482672A7DDEE6002C31FE /* math_thinks.h */ = {isa = PBXFileReference; lastKnownFileType = sourcecode.c.h; path = math_thinks.h; sourceTree = "<group>"; };
		A0A482682A7DDF0B002C31FE /* xsh_utils.h */ = {isa = PBXFileReference; lastKnownFileType = sourcecode.c.h; path = xsh_utils.h; sourceTree = "<group>"; };
		A0A482692A7DDF3B002C31FE /* count_prag_run_time.h */ = {isa = PBXFileReference; lastKnownFileType = sourcecode.c.h; path = count_prag_run_time.h; sourceTree = "<group>"; };
		A0A4826A2A7DDF3B002C31FE /* count_prag_run_time.c */ = {isa = PBXFileReference; lastKnownFileType = sourcecode.c.c; path = count_prag_run_time.c; sourceTree = "<group>"; };
		A0A4826C2A7DE248002C31FE /* main.h */ = {isa = PBXFileReference; lastKnownFileType = sourcecode.c.h; path = main.h; sourceTree = "<group>"; };
		A0A4826E2A7DE303002C31FE /* day1.h */ = {isa = PBXFileReference; lastKnownFileType = sourcecode.c.h; path = day1.h; sourceTree = "<group>"; };
		A0A4826F2A7DE303002C31FE /* day1.c */ = {isa = PBXFileReference; lastKnownFileType = sourcecode.c.c; path = day1.c; sourceTree = "<group>"; };
		A0A482732A7F4038002C31FE /* 分治法.h */ = {isa = PBXFileReference; lastKnownFileType = sourcecode.c.h; path = "分治法.h"; sourceTree = "<group>"; };
		A0A482742A7F4038002C31FE /* 分治法.c */ = {isa = PBXFileReference; lastKnownFileType = sourcecode.c.c; path = "分治法.c"; sourceTree = "<group>"; };
		A0A482762A7F43A6002C31FE /* max_func.h */ = {isa = PBXFileReference; lastKnownFileType = sourcecode.c.h; path = max_func.h; sourceTree = "<group>"; };
		A0A482772A7F43A6002C31FE /* max_func.c */ = {isa = PBXFileReference; lastKnownFileType = sourcecode.c.c; path = max_func.c; sourceTree = "<group>"; };
		A0A482792A7F4452002C31FE /* day2.h */ = {isa = PBXFileReference; lastKnownFileType = sourcecode.c.h; path = day2.h; sourceTree = "<group>"; };
		A0A4827A2A7F4452002C31FE /* day2.c */ = {isa = PBXFileReference; lastKnownFileType = sourcecode.c.c; path = day2.c; sourceTree = "<group>"; };
		A0A4827C2A7F469C002C31FE /* days.h */ = {isa = PBXFileReference; lastKnownFileType = sourcecode.c.h; path = days.h; sourceTree = "<group>"; };
		A0A4827D2A7F483E002C31FE /* random_array.h */ = {isa = PBXFileReference; lastKnownFileType = sourcecode.c.h; path = random_array.h; sourceTree = "<group>"; };
		A0A4827E2A7F483E002C31FE /* random_array.c */ = {isa = PBXFileReference; lastKnownFileType = sourcecode.c.c; path = random_array.c; sourceTree = "<group>"; };
		A0A482802A7F495D002C31FE /* print_array.h */ = {isa = PBXFileReference; lastKnownFileType = sourcecode.c.h; path = print_array.h; sourceTree = "<group>"; };
		A0A482812A7F495D002C31FE /* print_array.c */ = {isa = PBXFileReference; lastKnownFileType = sourcecode.c.c; path = print_array.c; sourceTree = "<group>"; };
		A0A482842A7F523A002C31FE /* 最大子列问题.h */ = {isa = PBXFileReference; lastKnownFileType = sourcecode.c.h; path = "最大子列问题.h"; sourceTree = "<group>"; };
		A0A482852A7F523A002C31FE /* 最大子列问题.c */ = {isa = PBXFileReference; lastKnownFileType = sourcecode.c.c; path = "最大子列问题.c"; sourceTree = "<group>"; };
		A0A482C92A83D86C002C31FE /* data_stucture.h */ = {isa = PBXFileReference; lastKnownFileType = sourcecode.c.h; path = data_stucture.h; sourceTree = "<group>"; };
		A0A482CA2A83D88D002C31FE /* 单链表.h */ = {isa = PBXFileReference; lastKnownFileType = sourcecode.c.h; path = "单链表.h"; sourceTree = "<group>"; };
		A0A482CB2A83D88D002C31FE /* 单链表.c */ = {isa = PBXFileReference; lastKnownFileType = sourcecode.c.c; path = "单链表.c"; sourceTree = "<group>"; };
		A0A482CD2A83EAA7002C31FE /* day3.h */ = {isa = PBXFileReference; lastKnownFileType = sourcecode.c.h; path = day3.h; sourceTree = "<group>"; };
		A0A482CE2A83EAA7002C31FE /* day3.c */ = {isa = PBXFileReference; lastKnownFileType = sourcecode.c.c; path = day3.c; sourceTree = "<group>"; };
		A0A482D12A83EF09002C31FE /* data_structures.h */ = {isa = PBXFileReference; lastKnownFileType = sourcecode.c.h; path = data_structures.h; sourceTree = "<group>"; };
/* End PBXFileReference section */

/* Begin PBXFrameworksBuildPhase section */
		A0A482492A7DD98D002C31FE /* Frameworks */ = {
			isa = PBXFrameworksBuildPhase;
			buildActionMask = 2147483647;
			files = (
			);
			runOnlyForDeploymentPostprocessing = 0;
		};
/* End PBXFrameworksBuildPhase section */

/* Begin PBXGroup section */
		A0444ADB2AA777750052C95D /* 堆栈 */ = {
			isa = PBXGroup;
			children = (
				A0444AE02AA77D450052C95D /* 堆栈.h */,
				A0444AE12AA77D450052C95D /* 堆栈.c */,
			);
			path = "堆栈";
			sourceTree = "<group>";
		};
		A0444ADC2AA778350052C95D /* 表达式求值 */ = {
			isa = PBXGroup;
			children = (
				A0444ADD2AA778CC0052C95D /* 后缀表达式.h */,
				A0444ADE2AA778CC0052C95D /* 后缀表达式.c */,
			);
			path = "表达式求值";
			sourceTree = "<group>";
		};
		A0A482432A7DD98D002C31FE = {
			isa = PBXGroup;
			children = (
				A0A4824E2A7DD98D002C31FE /* 数据结构-C语言 */,
				A0A4824D2A7DD98D002C31FE /* Products */,
			);
			sourceTree = "<group>";
		};
		A0A4824D2A7DD98D002C31FE /* Products */ = {
			isa = PBXGroup;
			children = (
				A0A4824C2A7DD98D002C31FE /* 数据结构-C语言 */,
			);
			name = Products;
			sourceTree = "<group>";
		};
		A0A4824E2A7DD98D002C31FE /* 数据结构-C语言 */ = {
			isa = PBXGroup;
			children = (
				A0A482D02A83EEE1002C31FE /* DataStructure */,
				A0A4824F2A7DD98D002C31FE /* main.c */,
				A0A4826C2A7DE248002C31FE /* main.h */,
				A0A4826D2A7DE2D4002C31FE /* Days */,
				A0A482642A7DDD70002C31FE /* Utils */,
				A0A4825D2A7DDACF002C31FE /* 数学思维 */,
				A0A482C72A83D7FB002C31FE /* 常用数据结构 */,
				A0A4825C2A7DDABD002C31FE /* 算法 */,
				A0A482582A7DDA79002C31FE /* 空间效率 */,
				A0A482562A7DDA53002C31FE /* 时间效率 */,
			);
			path = "数据结构-C语言";
			sourceTree = "<group>";
		};
		A0A482562A7DDA53002C31FE /* 时间效率 */ = {
			isa = PBXGroup;
			children = (
				A0A4825E2A7DDB0E002C31FE /* 计算程序运行时间.h */,
				A0A4825F2A7DDB0E002C31FE /* 计算程序运行时间.c */,
				A0A482612A7DDBB1002C31FE /* time_efficiency.h */,
			);
			path = "时间效率";
			sourceTree = "<group>";
		};
		A0A482582A7DDA79002C31FE /* 空间效率 */ = {
			isa = PBXGroup;
			children = (
				A0A482652A7DDE8E002C31FE /* space_efficiency.h */,
			);
			path = "空间效率";
			sourceTree = "<group>";
		};
		A0A4825C2A7DDABD002C31FE /* 算法 */ = {
			isa = PBXGroup;
			children = (
				A0444ADC2AA778350052C95D /* 表达式求值 */,
				A0A482832A7F520E002C31FE /* 子列 */,
				A0A482712A7F4011002C31FE /* 十大算法 */,
				A0A482662A7DDED6002C31FE /* suanfa.h */,
			);
			path = "算法";
			sourceTree = "<group>";
		};
		A0A4825D2A7DDACF002C31FE /* 数学思维 */ = {
			isa = PBXGroup;
			children = (
				A0A482672A7DDEE6002C31FE /* math_thinks.h */,
			);
			path = "数学思维";
			sourceTree = "<group>";
		};
		A0A482642A7DDD70002C31FE /* Utils */ = {
			isa = PBXGroup;
			children = (
				A0A482682A7DDF0B002C31FE /* xsh_utils.h */,
				A0A482692A7DDF3B002C31FE /* count_prag_run_time.h */,
				A0A4826A2A7DDF3B002C31FE /* count_prag_run_time.c */,
				A0A482762A7F43A6002C31FE /* max_func.h */,
				A0A482772A7F43A6002C31FE /* max_func.c */,
				A0A4827D2A7F483E002C31FE /* random_array.h */,
				A0A4827E2A7F483E002C31FE /* random_array.c */,
				A0A482802A7F495D002C31FE /* print_array.h */,
				A0A482812A7F495D002C31FE /* print_array.c */,
			);
			path = Utils;
			sourceTree = "<group>";
		};
		A0A4826D2A7DE2D4002C31FE /* Days */ = {
			isa = PBXGroup;
			children = (
				A0A4826E2A7DE303002C31FE /* day1.h */,
				A0A4826F2A7DE303002C31FE /* day1.c */,
				A0A482792A7F4452002C31FE /* day2.h */,
				A0A4827A2A7F4452002C31FE /* day2.c */,
				A0A482CD2A83EAA7002C31FE /* day3.h */,
				A0A482CE2A83EAA7002C31FE /* day3.c */,
				A0444AE32AA783C50052C95D /* day4.h */,
				A0444AE42AA783C50052C95D /* day4.c */,
				A0A4827C2A7F469C002C31FE /* days.h */,
			);
			path = Days;
			sourceTree = "<group>";
		};
		A0A482712A7F4011002C31FE /* 十大算法 */ = {
			isa = PBXGroup;
			children = (
				A0A482732A7F4038002C31FE /* 分治法.h */,
				A0A482742A7F4038002C31FE /* 分治法.c */,
			);
			path = "十大算法";
			sourceTree = "<group>";
		};
		A0A482832A7F520E002C31FE /* 子列 */ = {
			isa = PBXGroup;
			children = (
				A0A482842A7F523A002C31FE /* 最大子列问题.h */,
				A0A482852A7F523A002C31FE /* 最大子列问题.c */,
			);
			path = "子列";
			sourceTree = "<group>";
		};
		A0A482C72A83D7FB002C31FE /* 常用数据结构 */ = {
			isa = PBXGroup;
			children = (
				A0444ADB2AA777750052C95D /* 堆栈 */,
				A0A482C82A83D82F002C31FE /* 链表 */,
				A0A482C92A83D86C002C31FE /* data_stucture.h */,
			);
			path = "常用数据结构";
			sourceTree = "<group>";
		};
		A0A482C82A83D82F002C31FE /* 链表 */ = {
			isa = PBXGroup;
			children = (
				A0A482CA2A83D88D002C31FE /* 单链表.h */,
				A0A482CB2A83D88D002C31FE /* 单链表.c */,
			);
			path = "链表";
			sourceTree = "<group>";
		};
		A0A482D02A83EEE1002C31FE /* DataStructure */ = {
			isa = PBXGroup;
			children = (
				A0A482D12A83EF09002C31FE /* data_structures.h */,
			);
			path = DataStructure;
			sourceTree = "<group>";
		};
/* End PBXGroup section */

/* Begin PBXNativeTarget section */
		A0A4824B2A7DD98D002C31FE /* 数据结构-C语言 */ = {
			isa = PBXNativeTarget;
			buildConfigurationList = A0A482532A7DD98D002C31FE /* Build configuration list for PBXNativeTarget "数据结构-C语言" */;
			buildPhases = (
				A0A482482A7DD98D002C31FE /* Sources */,
				A0A482492A7DD98D002C31FE /* Frameworks */,
				A0A4824A2A7DD98D002C31FE /* CopyFiles */,
			);
			buildRules = (
			);
			dependencies = (
			);
			name = "数据结构-C语言";
			productName = "数据结构-C语言";
			productReference = A0A4824C2A7DD98D002C31FE /* 数据结构-C语言 */;
			productType = "com.apple.product-type.tool";
		};
/* End PBXNativeTarget section */

/* Begin PBXProject section */
		A0A482442A7DD98D002C31FE /* Project object */ = {
			isa = PBXProject;
			attributes = {
				BuildIndependentTargetsInParallel = 1;
				LastUpgradeCheck = 1430;
				TargetAttributes = {
					A0A4824B2A7DD98D002C31FE = {
						CreatedOnToolsVersion = 14.3.1;
					};
				};
			};
			buildConfigurationList = A0A482472A7DD98D002C31FE /* Build configuration list for PBXProject "数据结构-C语言" */;
			compatibilityVersion = "Xcode 14.0";
			developmentRegion = en;
			hasScannedForEncodings = 0;
			knownRegions = (
				en,
				Base,
			);
			mainGroup = A0A482432A7DD98D002C31FE;
			productRefGroup = A0A4824D2A7DD98D002C31FE /* Products */;
			projectDirPath = "";
			projectRoot = "";
			targets = (
				A0A4824B2A7DD98D002C31FE /* 数据结构-C语言 */,
			);
		};
/* End PBXProject section */

/* Begin PBXSourcesBuildPhase section */
		A0A482482A7DD98D002C31FE /* Sources */ = {
			isa = PBXSourcesBuildPhase;
			buildActionMask = 2147483647;
			files = (
				A0A482CC2A83D88D002C31FE /* 单链表.c in Sources */,
				A0A4827B2A7F4452002C31FE /* day2.c in Sources */,
				A0A482502A7DD98D002C31FE /* main.c in Sources */,
				A0444AE22AA77D450052C95D /* 堆栈.c in Sources */,
				A0A482752A7F4038002C31FE /* 分治法.c in Sources */,
				A0A4826B2A7DDF3B002C31FE /* count_prag_run_time.c in Sources */,
				A0A482822A7F495D002C31FE /* print_array.c in Sources */,
				A0A482862A7F523A002C31FE /* 最大子列问题.c in Sources */,
				A0A482702A7DE303002C31FE /* day1.c in Sources */,
				A0A482CF2A83EAA7002C31FE /* day3.c in Sources */,
				A0444AE52AA783C50052C95D /* day4.c in Sources */,
				A0A482782A7F43A6002C31FE /* max_func.c in Sources */,
				A0A4827F2A7F483E002C31FE /* random_array.c in Sources */,
				A0444ADF2AA778CC0052C95D /* 后缀表达式.c in Sources */,
				A0A482602A7DDB0E002C31FE /* 计算程序运行时间.c in Sources */,
			);
			runOnlyForDeploymentPostprocessing = 0;
		};
/* End PBXSourcesBuildPhase section */

/* Begin XCBuildConfiguration section */
		A0A482512A7DD98D002C31FE /* Debug */ = {
			isa = XCBuildConfiguration;
			buildSettings = {
				ALWAYS_SEARCH_USER_PATHS = NO;
				CLANG_ANALYZER_NONNULL = YES;
				CLANG_ANALYZER_NUMBER_OBJECT_CONVERSION = YES_AGGRESSIVE;
				CLANG_CXX_LANGUAGE_STANDARD = "gnu++20";
				CLANG_ENABLE_MODULES = YES;
				CLANG_ENABLE_OBJC_ARC = YES;
				CLANG_ENABLE_OBJC_WEAK = YES;
				CLANG_WARN_BLOCK_CAPTURE_AUTORELEASING = YES;
				CLANG_WARN_BOOL_CONVERSION = YES;
				CLANG_WARN_COMMA = YES;
				CLANG_WARN_CONSTANT_CONVERSION = YES;
				CLANG_WARN_DEPRECATED_OBJC_IMPLEMENTATIONS = YES;
				CLANG_WARN_DIRECT_OBJC_ISA_USAGE = YES_ERROR;
				CLANG_WARN_DOCUMENTATION_COMMENTS = YES;
				CLANG_WARN_EMPTY_BODY = YES;
				CLANG_WARN_ENUM_CONVERSION = YES;
				CLANG_WARN_INFINITE_RECURSION = YES;
				CLANG_WARN_INT_CONVERSION = YES;
				CLANG_WARN_NON_LITERAL_NULL_CONVERSION = YES;
				CLANG_WARN_OBJC_IMPLICIT_RETAIN_SELF = YES;
				CLANG_WARN_OBJC_LITERAL_CONVERSION = YES;
				CLANG_WARN_OBJC_ROOT_CLASS = YES_ERROR;
				CLANG_WARN_QUOTED_INCLUDE_IN_FRAMEWORK_HEADER = YES;
				CLANG_WARN_RANGE_LOOP_ANALYSIS = YES;
				CLANG_WARN_STRICT_PROTOTYPES = YES;
				CLANG_WARN_SUSPICIOUS_MOVE = YES;
				CLANG_WARN_UNGUARDED_AVAILABILITY = YES_AGGRESSIVE;
				CLANG_WARN_UNREACHABLE_CODE = YES;
				CLANG_WARN__DUPLICATE_METHOD_MATCH = YES;
				COPY_PHASE_STRIP = NO;
				DEBUG_INFORMATION_FORMAT = dwarf;
				ENABLE_STRICT_OBJC_MSGSEND = YES;
				ENABLE_TESTABILITY = YES;
				GCC_C_LANGUAGE_STANDARD = gnu11;
				GCC_DYNAMIC_NO_PIC = NO;
				GCC_NO_COMMON_BLOCKS = YES;
				GCC_OPTIMIZATION_LEVEL = 0;
				GCC_PREPROCESSOR_DEFINITIONS = (
					"DEBUG=1",
					"$(inherited)",
				);
				GCC_WARN_64_TO_32_BIT_CONVERSION = YES;
				GCC_WARN_ABOUT_RETURN_TYPE = YES_ERROR;
				GCC_WARN_UNDECLARED_SELECTOR = YES;
				GCC_WARN_UNINITIALIZED_AUTOS = YES_AGGRESSIVE;
				GCC_WARN_UNUSED_FUNCTION = YES;
				GCC_WARN_UNUSED_VARIABLE = YES;
				MACOSX_DEPLOYMENT_TARGET = 13.3;
				MTL_ENABLE_DEBUG_INFO = INCLUDE_SOURCE;
				MTL_FAST_MATH = YES;
				ONLY_ACTIVE_ARCH = YES;
				SDKROOT = macosx;
			};
			name = Debug;
		};
		A0A482522A7DD98D002C31FE /* Release */ = {
			isa = XCBuildConfiguration;
			buildSettings = {
				ALWAYS_SEARCH_USER_PATHS = NO;
				CLANG_ANALYZER_NONNULL = YES;
				CLANG_ANALYZER_NUMBER_OBJECT_CONVERSION = YES_AGGRESSIVE;
				CLANG_CXX_LANGUAGE_STANDARD = "gnu++20";
				CLANG_ENABLE_MODULES = YES;
				CLANG_ENABLE_OBJC_ARC = YES;
				CLANG_ENABLE_OBJC_WEAK = YES;
				CLANG_WARN_BLOCK_CAPTURE_AUTORELEASING = YES;
				CLANG_WARN_BOOL_CONVERSION = YES;
				CLANG_WARN_COMMA = YES;
				CLANG_WARN_CONSTANT_CONVERSION = YES;
				CLANG_WARN_DEPRECATED_OBJC_IMPLEMENTATIONS = YES;
				CLANG_WARN_DIRECT_OBJC_ISA_USAGE = YES_ERROR;
				CLANG_WARN_DOCUMENTATION_COMMENTS = YES;
				CLANG_WARN_EMPTY_BODY = YES;
				CLANG_WARN_ENUM_CONVERSION = YES;
				CLANG_WARN_INFINITE_RECURSION = YES;
				CLANG_WARN_INT_CONVERSION = YES;
				CLANG_WARN_NON_LITERAL_NULL_CONVERSION = YES;
				CLANG_WARN_OBJC_IMPLICIT_RETAIN_SELF = YES;
				CLANG_WARN_OBJC_LITERAL_CONVERSION = YES;
				CLANG_WARN_OBJC_ROOT_CLASS = YES_ERROR;
				CLANG_WARN_QUOTED_INCLUDE_IN_FRAMEWORK_HEADER = YES;
				CLANG_WARN_RANGE_LOOP_ANALYSIS = YES;
				CLANG_WARN_STRICT_PROTOTYPES = YES;
				CLANG_WARN_SUSPICIOUS_MOVE = YES;
				CLANG_WARN_UNGUARDED_AVAILABILITY = YES_AGGRESSIVE;
				CLANG_WARN_UNREACHABLE_CODE = YES;
				CLANG_WARN__DUPLICATE_METHOD_MATCH = YES;
				COPY_PHASE_STRIP = NO;
				DEBUG_INFORMATION_FORMAT = "dwarf-with-dsym";
				ENABLE_NS_ASSERTIONS = NO;
				ENABLE_STRICT_OBJC_MSGSEND = YES;
				GCC_C_LANGUAGE_STANDARD = gnu11;
				GCC_NO_COMMON_BLOCKS = YES;
				GCC_WARN_64_TO_32_BIT_CONVERSION = YES;
				GCC_WARN_ABOUT_RETURN_TYPE = YES_ERROR;
				GCC_WARN_UNDECLARED_SELECTOR = YES;
				GCC_WARN_UNINITIALIZED_AUTOS = YES_AGGRESSIVE;
				GCC_WARN_UNUSED_FUNCTION = YES;
				GCC_WARN_UNUSED_VARIABLE = YES;
				MACOSX_DEPLOYMENT_TARGET = 13.3;
				MTL_ENABLE_DEBUG_INFO = NO;
				MTL_FAST_MATH = YES;
				SDKROOT = macosx;
			};
			name = Release;
		};
		A0A482542A7DD98D002C31FE /* Debug */ = {
			isa = XCBuildConfiguration;
			buildSettings = {
				CODE_SIGN_STYLE = Automatic;
				DEVELOPMENT_TEAM = Q798TC6D2D;
				ENABLE_HARDENED_RUNTIME = YES;
				PRODUCT_NAME = "$(TARGET_NAME)";
			};
			name = Debug;
		};
		A0A482552A7DD98D002C31FE /* Release */ = {
			isa = XCBuildConfiguration;
			buildSettings = {
				CODE_SIGN_STYLE = Automatic;
				DEVELOPMENT_TEAM = Q798TC6D2D;
				ENABLE_HARDENED_RUNTIME = YES;
				PRODUCT_NAME = "$(TARGET_NAME)";
			};
			name = Release;
		};
/* End XCBuildConfiguration section */

/* Begin XCConfigurationList section */
		A0A482472A7DD98D002C31FE /* Build configuration list for PBXProject "数据结构-C语言" */ = {
			isa = XCConfigurationList;
			buildConfigurations = (
				A0A482512A7DD98D002C31FE /* Debug */,
				A0A482522A7DD98D002C31FE /* Release */,
			);
			defaultConfigurationIsVisible = 0;
			defaultConfigurationName = Release;
		};
		A0A482532A7DD98D002C31FE /* Build configuration list for PBXNativeTarget "数据结构-C语言" */ = {
			isa = XCConfigurationList;
			buildConfigurations = (
				A0A482542A7DD98D002C31FE /* Debug */,
				A0A482552A7DD98D002C31FE /* Release */,
			);
			defaultConfigurationIsVisible = 0;
			defaultConfigurationName = Release;
		};
/* End XCConfigurationList section */
	};
	rootObject = A0A482442A7DD98D002C31FE /* Project object */;
}
